
Microsoft Visual Studio Solution File, Format Version 12.00
# Visual Studio 15
VisualStudioVersion = 15.0.28010.2048
MinimumVisualStudioVersion = 10.0.40219.1
Project("{FAE04EC0-301F-11D3-BF4B-00C04F79EFBC}") = "IPerson", "IPerson\IPerson.csproj", "{8655E9DE-F679-431E-B5CD-8F3F2A56825A}"
EndProject
Global
	GlobalSection(SolutionConfigurationPlatforms) = preSolution
		Debug|Any CPU = Debug|Any CPU
		Release|Any CPU = Release|Any CPU
	EndGlobalSection
	GlobalSection(ProjectConfigurationPlatforms) = postSolution
		{8655E9DE-F679-431E-B5CD-8F3F2A56825A}.Debug|Any CPU.ActiveCfg = Debug|Any CPU
		{8655E9DE-F679-431E-B5CD-8F3F2A56825A}.Debug|Any CPU.Build.0 = Debug|Any CPU
		{8655E9DE-F679-431E-B5CD-8F3F2A56825A}.Release|Any CPU.ActiveCfg = Release|Any CPU
		{8655E9DE-F679-431E-B5CD-8F3F2A56825A}.Release|Any CPU.Build.0 = Release|Any CPU
	EndGlobalSection
	GlobalSection(SolutionProperties) = preSolution
		HideSolutionNode = FALSE
	EndGlobalSection
	GlobalSection(ExtensibilityGlobals) = postSolution
		SolutionGuid = {0164B4B4-9DEB-4F28-95EB-E116D33FF745}
	EndGlobalSection
EndGlobal
