
Microsoft Visual Studio Solution File, Format Version 12.00
# Visual Studio 15
VisualStudioVersion = 15.0.28010.2048
MinimumVisualStudioVersion = 10.0.40219.1
Project("{9A19103F-16F7-4668-BE54-9A1E7A4F7556}") = "P01_Person", "P01_Person\P01_Person.csproj", "{0B4C8ED9-BF31-4990-ABDD-32F30D340B3D}"
EndProject
Project("{9A19103F-16F7-4668-BE54-9A1E7A4F7556}") = "P02_Book_Shop", "P02_Book_Shop\P02_Book_Shop.csproj", "{BF821F25-E75A-4327-93F9-3250892EEE51}"
EndProject
Project("{FAE04EC0-301F-11D3-BF4B-00C04F79EFBC}") = "P03_Mankind", "P03_Mankind\P03_Mankind.csproj", "{B2DD93E8-FBBC-4DBD-8864-7189C15B6717}"
EndProject
Global
	GlobalSection(SolutionConfigurationPlatforms) = preSolution
		Debug|Any CPU = Debug|Any CPU
		Release|Any CPU = Release|Any CPU
	EndGlobalSection
	GlobalSection(ProjectConfigurationPlatforms) = postSolution
		{0B4C8ED9-BF31-4990-ABDD-32F30D340B3D}.Debug|Any CPU.ActiveCfg = Debug|Any CPU
		{0B4C8ED9-BF31-4990-ABDD-32F30D340B3D}.Debug|Any CPU.Build.0 = Debug|Any CPU
		{0B4C8ED9-BF31-4990-ABDD-32F30D340B3D}.Release|Any CPU.ActiveCfg = Release|Any CPU
		{0B4C8ED9-BF31-4990-ABDD-32F30D340B3D}.Release|Any CPU.Build.0 = Release|Any CPU
		{BF821F25-E75A-4327-93F9-3250892EEE51}.Debug|Any CPU.ActiveCfg = Debug|Any CPU
		{BF821F25-E75A-4327-93F9-3250892EEE51}.Debug|Any CPU.Build.0 = Debug|Any CPU
		{BF821F25-E75A-4327-93F9-3250892EEE51}.Release|Any CPU.ActiveCfg = Release|Any CPU
		{BF821F25-E75A-4327-93F9-3250892EEE51}.Release|Any CPU.Build.0 = Release|Any CPU
		{B2DD93E8-FBBC-4DBD-8864-7189C15B6717}.Debug|Any CPU.ActiveCfg = Debug|Any CPU
		{B2DD93E8-FBBC-4DBD-8864-7189C15B6717}.Debug|Any CPU.Build.0 = Debug|Any CPU
		{B2DD93E8-FBBC-4DBD-8864-7189C15B6717}.Release|Any CPU.ActiveCfg = Release|Any CPU
		{B2DD93E8-FBBC-4DBD-8864-7189C15B6717}.Release|Any CPU.Build.0 = Release|Any CPU
	EndGlobalSection
	GlobalSection(SolutionProperties) = preSolution
		HideSolutionNode = FALSE
	EndGlobalSection
	GlobalSection(ExtensibilityGlobals) = postSolution
		SolutionGuid = {D17C1902-C2A8-4A2C-A777-CA4FC042387D}
	EndGlobalSection
EndGlobal
